
Microsoft Visual Studio Solution File, Format Version 12.00
# Visual Studio 2013
VisualStudioVersion = 12.0.31101.0
MinimumVisualStudioVersion = 10.0.40219.1
Project("{FAE04EC0-301F-11D3-BF4B-00C04F79EFBC}") = "DotNet_Lab4", "DotNet_Lab4\DotNet_Lab4.csproj", "{9F7D5252-10AD-4443-BDB2-A03F424FCA46}"
EndProject
Project("{FAE04EC0-301F-11D3-BF4B-00C04F79EFBC}") = "DotNet_Lab2", "DotNet_Lab2\DotNet_Lab2.csproj", "{A323414B-40C0-438E-8CC7-6D83288534A2}"
EndProject
Project("{FAE04EC0-301F-11D3-BF4B-00C04F79EFBC}") = "DotNet_Lab3", "DotNet_Lab3\DotNet_Lab3.csproj", "{FCB2A1B1-ED6C-4FA4-B61E-F590CD3914E4}"
EndProject
Project("{FAE04EC0-301F-11D3-BF4B-00C04F79EFBC}") = "DotNet_Lab5", "DotNet_Lab5\DotNet_Lab5.csproj", "{9DFED717-7C02-45FA-8229-3FA9F6C8968E}"
EndProject
Project("{FAE04EC0-301F-11D3-BF4B-00C04F79EFBC}") = "DotNet_Lab7", "DotNet_Lab7\DotNet_Lab7.csproj", "{3DEFA1EB-9F54-4ED0-A8DC-892BB29F94D0}"
EndProject
Project("{FAE04EC0-301F-11D3-BF4B-00C04F79EFBC}") = "DotNet_Lab9", "DotNet_Lab9\DotNet_Lab9.csproj", "{D13D9847-D40E-433F-B59A-3E5F0D0D549C}"
EndProject
Project("{FAE04EC0-301F-11D3-BF4B-00C04F79EFBC}") = "DotNet_Lab9_ClassLibrary", "DotNet_Lab9_ClassLibrary\DotNet_Lab9_ClassLibrary.csproj", "{290D4CCE-9275-4D63-86AC-2A5182BC6095}"
EndProject
Project("{FAE04EC0-301F-11D3-BF4B-00C04F79EFBC}") = "DotNet_Lab10+11", "DotNet_Lab10+11\DotNet_Lab10+11.csproj", "{33A0C6ED-5580-484B-A58A-A5B85B308B4F}"
EndProject
Global
	GlobalSection(SolutionConfigurationPlatforms) = preSolution
		Debug|Any CPU = Debug|Any CPU
		Release|Any CPU = Release|Any CPU
	EndGlobalSection
	GlobalSection(ProjectConfigurationPlatforms) = postSolution
		{9F7D5252-10AD-4443-BDB2-A03F424FCA46}.Debug|Any CPU.ActiveCfg = Debug|Any CPU
		{9F7D5252-10AD-4443-BDB2-A03F424FCA46}.Debug|Any CPU.Build.0 = Debug|Any CPU
		{9F7D5252-10AD-4443-BDB2-A03F424FCA46}.Release|Any CPU.ActiveCfg = Release|Any CPU
		{9F7D5252-10AD-4443-BDB2-A03F424FCA46}.Release|Any CPU.Build.0 = Release|Any CPU
		{A323414B-40C0-438E-8CC7-6D83288534A2}.Debug|Any CPU.ActiveCfg = Debug|Any CPU
		{A323414B-40C0-438E-8CC7-6D83288534A2}.Debug|Any CPU.Build.0 = Debug|Any CPU
		{A323414B-40C0-438E-8CC7-6D83288534A2}.Release|Any CPU.ActiveCfg = Release|Any CPU
		{A323414B-40C0-438E-8CC7-6D83288534A2}.Release|Any CPU.Build.0 = Release|Any CPU
		{FCB2A1B1-ED6C-4FA4-B61E-F590CD3914E4}.Debug|Any CPU.ActiveCfg = Debug|Any CPU
		{FCB2A1B1-ED6C-4FA4-B61E-F590CD3914E4}.Debug|Any CPU.Build.0 = Debug|Any CPU
		{FCB2A1B1-ED6C-4FA4-B61E-F590CD3914E4}.Release|Any CPU.ActiveCfg = Release|Any CPU
		{FCB2A1B1-ED6C-4FA4-B61E-F590CD3914E4}.Release|Any CPU.Build.0 = Release|Any CPU
		{9DFED717-7C02-45FA-8229-3FA9F6C8968E}.Debug|Any CPU.ActiveCfg = Debug|Any CPU
		{9DFED717-7C02-45FA-8229-3FA9F6C8968E}.Debug|Any CPU.Build.0 = Debug|Any CPU
		{9DFED717-7C02-45FA-8229-3FA9F6C8968E}.Release|Any CPU.ActiveCfg = Release|Any CPU
		{9DFED717-7C02-45FA-8229-3FA9F6C8968E}.Release|Any CPU.Build.0 = Release|Any CPU
		{3DEFA1EB-9F54-4ED0-A8DC-892BB29F94D0}.Debug|Any CPU.ActiveCfg = Debug|Any CPU
		{3DEFA1EB-9F54-4ED0-A8DC-892BB29F94D0}.Debug|Any CPU.Build.0 = Debug|Any CPU
		{3DEFA1EB-9F54-4ED0-A8DC-892BB29F94D0}.Release|Any CPU.ActiveCfg = Release|Any CPU
		{3DEFA1EB-9F54-4ED0-A8DC-892BB29F94D0}.Release|Any CPU.Build.0 = Release|Any CPU
		{D13D9847-D40E-433F-B59A-3E5F0D0D549C}.Debug|Any CPU.ActiveCfg = Debug|Any CPU
		{D13D9847-D40E-433F-B59A-3E5F0D0D549C}.Debug|Any CPU.Build.0 = Debug|Any CPU
		{D13D9847-D40E-433F-B59A-3E5F0D0D549C}.Release|Any CPU.ActiveCfg = Release|Any CPU
		{D13D9847-D40E-433F-B59A-3E5F0D0D549C}.Release|Any CPU.Build.0 = Release|Any CPU
		{290D4CCE-9275-4D63-86AC-2A5182BC6095}.Debug|Any CPU.ActiveCfg = Debug|Any CPU
		{290D4CCE-9275-4D63-86AC-2A5182BC6095}.Debug|Any CPU.Build.0 = Debug|Any CPU
		{290D4CCE-9275-4D63-86AC-2A5182BC6095}.Release|Any CPU.ActiveCfg = Release|Any CPU
		{290D4CCE-9275-4D63-86AC-2A5182BC6095}.Release|Any CPU.Build.0 = Release|Any CPU
		{33A0C6ED-5580-484B-A58A-A5B85B308B4F}.Debug|Any CPU.ActiveCfg = Debug|Any CPU
		{33A0C6ED-5580-484B-A58A-A5B85B308B4F}.Debug|Any CPU.Build.0 = Debug|Any CPU
		{33A0C6ED-5580-484B-A58A-A5B85B308B4F}.Release|Any CPU.ActiveCfg = Release|Any CPU
		{33A0C6ED-5580-484B-A58A-A5B85B308B4F}.Release|Any CPU.Build.0 = Release|Any CPU
	EndGlobalSection
	GlobalSection(SolutionProperties) = preSolution
		HideSolutionNode = FALSE
	EndGlobalSection
EndGlobal
